# GENERATED FILE - DO NOT EDIT DIRECTLY
schema_version: 1

bundle:
  version: "0.1.0-dev"
  release_sequence: 0
  channel: "development"
  source_commit: "d1569516f0023b729738cf57a151ae73661495e1"
  digest: "sha256:725fc1060be40a2bb4b7a2c6611412379f715aab2c30bdd36653f6aba6b6d57c"

projection:
  input_digest: "sha256:c4be55c6502ae7fd8e375450220b60410e1f86161fc648290ccf11ce0a4e0631"
  output_digest: "sha256:23a43b2ae871c88f100d388e9281abf388067779395058885ad2f9350dd9a0e9"
  files:
    - path: ".gds/compiled-policy.json"
      digest: "sha256:fd45f1e4cbd87c465e42e2233ec982bb70044338b9cea9605e9e41a70b53a2db"
