# GENERATED FILE - DO NOT EDIT DIRECTLY
schema_version: 1

bundle:
  version: "0.1.0-dev"
  release_sequence: 0
  channel: "development"
  source_commit: "bb9865d7d52e72787ad8f95ab7e70a0869d784aa"
  digest: "sha256:31aa33376c01ee1e31d5e4eaca3dfc10fef2bda18dcb35eaf8989051daea32ae"

projection:
  input_digest: "sha256:40aa19bd8f6db2cb505488681ab31a2cf019e61442fa55ff6daf1b509b407215"
  output_digest: "sha256:23a43b2ae871c88f100d388e9281abf388067779395058885ad2f9350dd9a0e9"
  files:
    - path: ".gds/compiled-policy.json"
      digest: "sha256:fd45f1e4cbd87c465e42e2233ec982bb70044338b9cea9605e9e41a70b53a2db"
